
Microsoft Visual Studio Solution File, Format Version 12.00
# Visual Studio 14
VisualStudioVersion = 14.0.25420.1
MinimumVisualStudioVersion = 10.0.40219.1
Project("{FAE04EC0-301F-11D3-BF4B-00C04F79EFBC}") = "UMGTDD.Data", "UMGTDD.Data\UMGTDD.Data.csproj", "{F19AC904-9C70-4532-8A55-BF239025EA81}"
EndProject
Project("{FAE04EC0-301F-11D3-BF4B-00C04F79EFBC}") = "UMGTDD.DAL", "UMGTDD.DAL\UMGTDD.DAL.csproj", "{4BA96C02-D292-43C0-8B9C-03C6B307F664}"
EndProject
Project("{FAE04EC0-301F-11D3-BF4B-00C04F79EFBC}") = "UMGTDD.Service", "UMGTDD.Service\UMGTDD.Service.csproj", "{E749750A-86EF-4633-B948-764E219431E7}"
EndProject
Project("{FAE04EC0-301F-11D3-BF4B-00C04F79EFBC}") = "UMGTDD.Console", "UMGTDD.Console\UMGTDD.Console.csproj", "{D43229EF-6C46-44E3-A109-E522E864987D}"
EndProject
Project("{FAE04EC0-301F-11D3-BF4B-00C04F79EFBC}") = "UMGTDD.TestSuite", "UMGTDD.TestSuite\UMGTDD.TestSuite.csproj", "{9EB5F700-0A18-45BA-9874-50DF447AB1DD}"
EndProject
Global
	GlobalSection(SolutionConfigurationPlatforms) = preSolution
		Debug|Any CPU = Debug|Any CPU
		Release|Any CPU = Release|Any CPU
	EndGlobalSection
	GlobalSection(ProjectConfigurationPlatforms) = postSolution
		{F19AC904-9C70-4532-8A55-BF239025EA81}.Debug|Any CPU.ActiveCfg = Debug|Any CPU
		{F19AC904-9C70-4532-8A55-BF239025EA81}.Debug|Any CPU.Build.0 = Debug|Any CPU
		{F19AC904-9C70-4532-8A55-BF239025EA81}.Release|Any CPU.ActiveCfg = Release|Any CPU
		{F19AC904-9C70-4532-8A55-BF239025EA81}.Release|Any CPU.Build.0 = Release|Any CPU
		{4BA96C02-D292-43C0-8B9C-03C6B307F664}.Debug|Any CPU.ActiveCfg = Debug|Any CPU
		{4BA96C02-D292-43C0-8B9C-03C6B307F664}.Debug|Any CPU.Build.0 = Debug|Any CPU
		{4BA96C02-D292-43C0-8B9C-03C6B307F664}.Release|Any CPU.ActiveCfg = Release|Any CPU
		{4BA96C02-D292-43C0-8B9C-03C6B307F664}.Release|Any CPU.Build.0 = Release|Any CPU
		{E749750A-86EF-4633-B948-764E219431E7}.Debug|Any CPU.ActiveCfg = Debug|Any CPU
		{E749750A-86EF-4633-B948-764E219431E7}.Debug|Any CPU.Build.0 = Debug|Any CPU
		{E749750A-86EF-4633-B948-764E219431E7}.Release|Any CPU.ActiveCfg = Release|Any CPU
		{E749750A-86EF-4633-B948-764E219431E7}.Release|Any CPU.Build.0 = Release|Any CPU
		{D43229EF-6C46-44E3-A109-E522E864987D}.Debug|Any CPU.ActiveCfg = Debug|Any CPU
		{D43229EF-6C46-44E3-A109-E522E864987D}.Debug|Any CPU.Build.0 = Debug|Any CPU
		{D43229EF-6C46-44E3-A109-E522E864987D}.Release|Any CPU.ActiveCfg = Release|Any CPU
		{D43229EF-6C46-44E3-A109-E522E864987D}.Release|Any CPU.Build.0 = Release|Any CPU
		{9EB5F700-0A18-45BA-9874-50DF447AB1DD}.Debug|Any CPU.ActiveCfg = Debug|Any CPU
		{9EB5F700-0A18-45BA-9874-50DF447AB1DD}.Debug|Any CPU.Build.0 = Debug|Any CPU
		{9EB5F700-0A18-45BA-9874-50DF447AB1DD}.Release|Any CPU.ActiveCfg = Release|Any CPU
		{9EB5F700-0A18-45BA-9874-50DF447AB1DD}.Release|Any CPU.Build.0 = Release|Any CPU
	EndGlobalSection
	GlobalSection(SolutionProperties) = preSolution
		HideSolutionNode = FALSE
	EndGlobalSection
EndGlobal
